// !$*UTF8*$!
{
	archiveVersion = 1;
	classes = {
	};
	objectVersion = 51;
	objects = {

/* Begin PBXBuildFile section */
		002A883124D2CCEB00003602 /* AppDelegate.m in Sources */ = {isa = PBXBuildFile; fileRef = 002A883024D2CCEB00003602 /* AppDelegate.m */; };
		002A883A24D2CCEB00003602 /* Main.storyboard in Resources */ = {isa = PBXBuildFile; fileRef = 002A883824D2CCEB00003602 /* Main.storyboard */; };
		002A883C24D2CCED00003602 /* Assets.xcassets in Resources */ = {isa = PBXBuildFile; fileRef = 002A883B24D2CCED00003602 /* Assets.xcassets */; };
		002A883F24D2CCED00003602 /* LaunchScreen.storyboard in Resources */ = {isa = PBXBuildFile; fileRef = 002A883D24D2CCED00003602 /* LaunchScreen.storyboard */; };
		002A884224D2CCED00003602 /* main.m in Sources */ = {isa = PBXBuildFile; fileRef = 002A884124D2CCED00003602 /* main.m */; };
		002A884C24D2CCEE00003602 /* RamdonMakeRichTests.m in Sources */ = {isa = PBXBuildFile; fileRef = 002A884B24D2CCEE00003602 /* RamdonMakeRichTests.m */; };
		002A885724D2CCEE00003602 /* RamdonMakeRichUITests.m in Sources */ = {isa = PBXBuildFile; fileRef = 002A885624D2CCEE00003602 /* RamdonMakeRichUITests.m */; };
		002A887124D550A000003602 /* BasicCaculatorViewController.m in Sources */ = {isa = PBXBuildFile; fileRef = 002A887024D550A000003602 /* BasicCaculatorViewController.m */; };
		002A887424D5578C00003602 /* TAVDatabaseTool.m in Sources */ = {isa = PBXBuildFile; fileRef = 002A887324D5578C00003602 /* TAVDatabaseTool.m */; };
		002E490B24E4EBA5005EF9B9 /* TAVArithmeticTool.m in Sources */ = {isa = PBXBuildFile; fileRef = 002E490A24E4EBA5005EF9B9 /* TAVArithmeticTool.m */; };
		0082CFF624D825DB00BE9065 /* TAVNetworkTool.m in Sources */ = {isa = PBXBuildFile; fileRef = 0082CFF524D825DB00BE9065 /* TAVNetworkTool.m */; };
		0082D00024D9584E00BE9065 /* TAVBasicViewController.m in Sources */ = {isa = PBXBuildFile; fileRef = 0082CFFF24D9584E00BE9065 /* TAVBasicViewController.m */; };
		0082D00324D9588700BE9065 /* TAVHallViewController.m in Sources */ = {isa = PBXBuildFile; fileRef = 0082D00224D9588700BE9065 /* TAVHallViewController.m */; };
		0082D00624D959AA00BE9065 /* TAVHallViewModel.m in Sources */ = {isa = PBXBuildFile; fileRef = 0082D00524D959AA00BE9065 /* TAVHallViewModel.m */; };
		0082D00C24D961EA00BE9065 /* TAVHallModel.m in Sources */ = {isa = PBXBuildFile; fileRef = 0082D00B24D961EA00BE9065 /* TAVHallModel.m */; };
		0082D00F24D970C400BE9065 /* TAVLotteryPO.m in Sources */ = {isa = PBXBuildFile; fileRef = 0082D00E24D970C400BE9065 /* TAVLotteryPO.m */; };
		0082D01724DBD9AA00BE9065 /* TAVTabBarViewController.m in Sources */ = {isa = PBXBuildFile; fileRef = 0082D01624DBD9AA00BE9065 /* TAVTabBarViewController.m */; };
		0082D02124DBDE0A00BE9065 /* TAVTabBarControllerConfig.m in Sources */ = {isa = PBXBuildFile; fileRef = 0082D02024DBDE0A00BE9065 /* TAVTabBarControllerConfig.m */; };
		0082D02824DBEA8300BE9065 /* TAVViewModelProtocolImp.m in Sources */ = {isa = PBXBuildFile; fileRef = 0082D02724DBEA8300BE9065 /* TAVViewModelProtocolImp.m */; };
		0082D02B24DBEB1F00BE9065 /* TAVBasicModel.m in Sources */ = {isa = PBXBuildFile; fileRef = 0082D02A24DBEB1F00BE9065 /* TAVBasicModel.m */; };
		0082D02E24DBED5400BE9065 /* TAVBasicViewModel.m in Sources */ = {isa = PBXBuildFile; fileRef = 0082D02D24DBED5400BE9065 /* TAVBasicViewModel.m */; };
		0082D03124DC155A00BE9065 /* TAVHallView.m in Sources */ = {isa = PBXBuildFile; fileRef = 0082D03024DC155A00BE9065 /* TAVHallView.m */; };
		0082D03424DC18E500BE9065 /* TAVHallCollectionViewCellLayout.m in Sources */ = {isa = PBXBuildFile; fileRef = 0082D03324DC18E500BE9065 /* TAVHallCollectionViewCellLayout.m */; };
		0082D03724DD3D7D00BE9065 /* TAVHallCollectionViewCell.m in Sources */ = {isa = PBXBuildFile; fileRef = 0082D03624DD3D7D00BE9065 /* TAVHallCollectionViewCell.m */; };
		0082D03E24DE6FC600BE9065 /* TAVHistoryViewController.m in Sources */ = {isa = PBXBuildFile; fileRef = 0082D03D24DE6FC600BE9065 /* TAVHistoryViewController.m */; };
		0082D04224DE700700BE9065 /* TAVHistoryView.m in Sources */ = {isa = PBXBuildFile; fileRef = 0082D04124DE700700BE9065 /* TAVHistoryView.m */; };
		0082D04524DE702100BE9065 /* TAVHistoryTableViewCell.m in Sources */ = {isa = PBXBuildFile; fileRef = 0082D04424DE702100BE9065 /* TAVHistoryTableViewCell.m */; };
		0082D04824DE706200BE9065 /* TAVBasicView.m in Sources */ = {isa = PBXBuildFile; fileRef = 0082D04724DE706200BE9065 /* TAVBasicView.m */; };
		0082D04B24E13C8900BE9065 /* TAVNavigationViewController.m in Sources */ = {isa = PBXBuildFile; fileRef = 0082D04A24E13C8900BE9065 /* TAVNavigationViewController.m */; };
		0082D04F24E1641300BE9065 /* TAVHistoryViewModel.m in Sources */ = {isa = PBXBuildFile; fileRef = 0082D04E24E1641300BE9065 /* TAVHistoryViewModel.m */; };
		009A019324F4A971003606F7 /* Pods_RamdonMakeRich.framework in Frameworks */ = {isa = PBXBuildFile; fileRef = 009A019224F4A971003606F7 /* Pods_RamdonMakeRich.framework */; };
		009A01A024F4B5C4003606F7 /* TAVFileDatabaseTool.m in Sources */ = {isa = PBXBuildFile; fileRef = 009A019F24F4B5C4003606F7 /* TAVFileDatabaseTool.m */; };
		376295F29FC8A13ED1761DAC /* Pods_RamdonMakeRichTests.framework in Frameworks */ = {isa = PBXBuildFile; fileRef = F9691E12F0687AD58233A230 /* Pods_RamdonMakeRichTests.framework */; };
		85F9242CF535480D86F66B63 /* Pods_RamdonMakeRich_RamdonMakeRichUITests.framework in Frameworks */ = {isa = PBXBuildFile; fileRef = 685759167FCC36493AA13849 /* Pods_RamdonMakeRich_RamdonMakeRichUITests.framework */; };
/* End PBXBuildFile section */

/* Begin PBXContainerItemProxy section */
		002A884824D2CCEE00003602 /* PBXContainerItemProxy */ = {
			isa = PBXContainerItemProxy;
			containerPortal = 002A882424D2CCEB00003602 /* Project object */;
			proxyType = 1;
			remoteGlobalIDString = 002A882B24D2CCEB00003602;
			remoteInfo = RamdonMakeRich;
		};
		002A885324D2CCEE00003602 /* PBXContainerItemProxy */ = {
			isa = PBXContainerItemProxy;
			containerPortal = 002A882424D2CCEB00003602 /* Project object */;
			proxyType = 1;
			remoteGlobalIDString = 002A882B24D2CCEB00003602;
			remoteInfo = RamdonMakeRich;
		};
/* End PBXContainerItemProxy section */

/* Begin PBXFileReference section */
		002A882C24D2CCEB00003602 /* RamdonMakeRich.app */ = {isa = PBXFileReference; explicitFileType = wrapper.application; includeInIndex = 0; path = RamdonMakeRich.app; sourceTree = BUILT_PRODUCTS_DIR; };
		002A882F24D2CCEB00003602 /* AppDelegate.h */ = {isa = PBXFileReference; lastKnownFileType = sourcecode.c.h; path = AppDelegate.h; sourceTree = "<group>"; };
		002A883024D2CCEB00003602 /* AppDelegate.m */ = {isa = PBXFileReference; lastKnownFileType = sourcecode.c.objc; path = AppDelegate.m; sourceTree = "<group>"; };
		002A883924D2CCEB00003602 /* Base */ = {isa = PBXFileReference; lastKnownFileType = file.storyboard; name = Base; path = Base.lproj/Main.storyboard; sourceTree = "<group>"; };
		002A883B24D2CCED00003602 /* Assets.xcassets */ = {isa = PBXFileReference; lastKnownFileType = folder.assetcatalog; path = Assets.xcassets; sourceTree = "<group>"; };
		002A883E24D2CCED00003602 /* Base */ = {isa = PBXFileReference; lastKnownFileType = file.storyboard; name = Base; path = Base.lproj/LaunchScreen.storyboard; sourceTree = "<group>"; };
		002A884024D2CCED00003602 /* Info.plist */ = {isa = PBXFileReference; lastKnownFileType = text.plist.xml; path = Info.plist; sourceTree = "<group>"; };
		002A884124D2CCED00003602 /* main.m */ = {isa = PBXFileReference; lastKnownFileType = sourcecode.c.objc; path = main.m; sourceTree = "<group>"; };
		002A884724D2CCEE00003602 /* RamdonMakeRichTests.xctest */ = {isa = PBXFileReference; explicitFileType = wrapper.cfbundle; includeInIndex = 0; path = RamdonMakeRichTests.xctest; sourceTree = BUILT_PRODUCTS_DIR; };
		002A884B24D2CCEE00003602 /* RamdonMakeRichTests.m */ = {isa = PBXFileReference; lastKnownFileType = sourcecode.c.objc; path = RamdonMakeRichTests.m; sourceTree = "<group>"; };
		002A884D24D2CCEE00003602 /* Info.plist */ = {isa = PBXFileReference; lastKnownFileType = text.plist.xml; path = Info.plist; sourceTree = "<group>"; };
		002A885224D2CCEE00003602 /* RamdonMakeRichUITests.xctest */ = {isa = PBXFileReference; explicitFileType = wrapper.cfbundle; includeInIndex = 0; path = RamdonMakeRichUITests.xctest; sourceTree = BUILT_PRODUCTS_DIR; };
		002A885624D2CCEE00003602 /* RamdonMakeRichUITests.m */ = {isa = PBXFileReference; lastKnownFileType = sourcecode.c.objc; path = RamdonMakeRichUITests.m; sourceTree = "<group>"; };
		002A885824D2CCEE00003602 /* Info.plist */ = {isa = PBXFileReference; lastKnownFileType = text.plist.xml; path = Info.plist; sourceTree = "<group>"; };
		002A886F24D550A000003602 /* BasicCaculatorViewController.h */ = {isa = PBXFileReference; lastKnownFileType = sourcecode.c.h; path = BasicCaculatorViewController.h; sourceTree = "<group>"; };
		002A887024D550A000003602 /* BasicCaculatorViewController.m */ = {isa = PBXFileReference; lastKnownFileType = sourcecode.c.objc; path = BasicCaculatorViewController.m; sourceTree = "<group>"; };
		002A887224D5578C00003602 /* TAVDatabaseTool.h */ = {isa = PBXFileReference; lastKnownFileType = sourcecode.c.h; path = TAVDatabaseTool.h; sourceTree = "<group>"; };
		002A887324D5578C00003602 /* TAVDatabaseTool.m */ = {isa = PBXFileReference; lastKnownFileType = sourcecode.c.objc; path = TAVDatabaseTool.m; sourceTree = "<group>"; };
		002E490924E4EBA5005EF9B9 /* TAVArithmeticTool.h */ = {isa = PBXFileReference; lastKnownFileType = sourcecode.c.h; path = TAVArithmeticTool.h; sourceTree = "<group>"; };
		002E490A24E4EBA5005EF9B9 /* TAVArithmeticTool.m */ = {isa = PBXFileReference; lastKnownFileType = sourcecode.c.objc; path = TAVArithmeticTool.m; sourceTree = "<group>"; };
		0082CFF424D825DB00BE9065 /* TAVNetworkTool.h */ = {isa = PBXFileReference; lastKnownFileType = sourcecode.c.h; path = TAVNetworkTool.h; sourceTree = "<group>"; };
		0082CFF524D825DB00BE9065 /* TAVNetworkTool.m */ = {isa = PBXFileReference; lastKnownFileType = sourcecode.c.objc; path = TAVNetworkTool.m; sourceTree = "<group>"; };
		0082CFFC24D8281100BE9065 /* RamdonMakeRichHeader.pch */ = {isa = PBXFileReference; lastKnownFileType = sourcecode.c.h; path = RamdonMakeRichHeader.pch; sourceTree = "<group>"; };
		0082CFFE24D9584E00BE9065 /* TAVBasicViewController.h */ = {isa = PBXFileReference; lastKnownFileType = sourcecode.c.h; path = TAVBasicViewController.h; sourceTree = "<group>"; };
		0082CFFF24D9584E00BE9065 /* TAVBasicViewController.m */ = {isa = PBXFileReference; lastKnownFileType = sourcecode.c.objc; path = TAVBasicViewController.m; sourceTree = "<group>"; };
		0082D00124D9588700BE9065 /* TAVHallViewController.h */ = {isa = PBXFileReference; lastKnownFileType = sourcecode.c.h; path = TAVHallViewController.h; sourceTree = "<group>"; };
		0082D00224D9588700BE9065 /* TAVHallViewController.m */ = {isa = PBXFileReference; lastKnownFileType = sourcecode.c.objc; path = TAVHallViewController.m; sourceTree = "<group>"; };
		0082D00424D959AA00BE9065 /* TAVHallViewModel.h */ = {isa = PBXFileReference; lastKnownFileType = sourcecode.c.h; path = TAVHallViewModel.h; sourceTree = "<group>"; };
		0082D00524D959AA00BE9065 /* TAVHallViewModel.m */ = {isa = PBXFileReference; lastKnownFileType = sourcecode.c.objc; path = TAVHallViewModel.m; sourceTree = "<group>"; };
		0082D00A24D961EA00BE9065 /* TAVHallModel.h */ = {isa = PBXFileReference; lastKnownFileType = sourcecode.c.h; path = TAVHallModel.h; sourceTree = "<group>"; };
		0082D00B24D961EA00BE9065 /* TAVHallModel.m */ = {isa = PBXFileReference; lastKnownFileType = sourcecode.c.objc; path = TAVHallModel.m; sourceTree = "<group>"; };
		0082D00D24D970C400BE9065 /* TAVLotteryPO.h */ = {isa = PBXFileReference; lastKnownFileType = sourcecode.c.h; path = TAVLotteryPO.h; sourceTree = "<group>"; };
		0082D00E24D970C400BE9065 /* TAVLotteryPO.m */ = {isa = PBXFileReference; lastKnownFileType = sourcecode.c.objc; path = TAVLotteryPO.m; sourceTree = "<group>"; };
		0082D01524DBD9AA00BE9065 /* TAVTabBarViewController.h */ = {isa = PBXFileReference; lastKnownFileType = sourcecode.c.h; path = TAVTabBarViewController.h; sourceTree = "<group>"; };
		0082D01624DBD9AA00BE9065 /* TAVTabBarViewController.m */ = {isa = PBXFileReference; lastKnownFileType = sourcecode.c.objc; path = TAVTabBarViewController.m; sourceTree = "<group>"; };
		0082D01F24DBDE0A00BE9065 /* TAVTabBarControllerConfig.h */ = {isa = PBXFileReference; lastKnownFileType = sourcecode.c.h; path = TAVTabBarControllerConfig.h; sourceTree = "<group>"; };
		0082D02024DBDE0A00BE9065 /* TAVTabBarControllerConfig.m */ = {isa = PBXFileReference; lastKnownFileType = sourcecode.c.objc; path = TAVTabBarControllerConfig.m; sourceTree = "<group>"; };
		0082D02524DBE9ED00BE9065 /* TAVViewModelProtocol.h */ = {isa = PBXFileReference; lastKnownFileType = sourcecode.c.h; path = TAVViewModelProtocol.h; sourceTree = "<group>"; };
		0082D02624DBEA8300BE9065 /* TAVViewModelProtocolImp.h */ = {isa = PBXFileReference; lastKnownFileType = sourcecode.c.h; path = TAVViewModelProtocolImp.h; sourceTree = "<group>"; };
		0082D02724DBEA8300BE9065 /* TAVViewModelProtocolImp.m */ = {isa = PBXFileReference; lastKnownFileType = sourcecode.c.objc; path = TAVViewModelProtocolImp.m; sourceTree = "<group>"; };
		0082D02924DBEB1F00BE9065 /* TAVBasicModel.h */ = {isa = PBXFileReference; lastKnownFileType = sourcecode.c.h; path = TAVBasicModel.h; sourceTree = "<group>"; };
		0082D02A24DBEB1F00BE9065 /* TAVBasicModel.m */ = {isa = PBXFileReference; lastKnownFileType = sourcecode.c.objc; path = TAVBasicModel.m; sourceTree = "<group>"; };
		0082D02C24DBED5400BE9065 /* TAVBasicViewModel.h */ = {isa = PBXFileReference; lastKnownFileType = sourcecode.c.h; path = TAVBasicViewModel.h; sourceTree = "<group>"; };
		0082D02D24DBED5400BE9065 /* TAVBasicViewModel.m */ = {isa = PBXFileReference; lastKnownFileType = sourcecode.c.objc; path = TAVBasicViewModel.m; sourceTree = "<group>"; };
		0082D02F24DC155A00BE9065 /* TAVHallView.h */ = {isa = PBXFileReference; lastKnownFileType = sourcecode.c.h; path = TAVHallView.h; sourceTree = "<group>"; };
		0082D03024DC155A00BE9065 /* TAVHallView.m */ = {isa = PBXFileReference; lastKnownFileType = sourcecode.c.objc; path = TAVHallView.m; sourceTree = "<group>"; };
		0082D03224DC18E500BE9065 /* TAVHallCollectionViewCellLayout.h */ = {isa = PBXFileReference; lastKnownFileType = sourcecode.c.h; path = TAVHallCollectionViewCellLayout.h; sourceTree = "<group>"; };
		0082D03324DC18E500BE9065 /* TAVHallCollectionViewCellLayout.m */ = {isa = PBXFileReference; lastKnownFileType = sourcecode.c.objc; path = TAVHallCollectionViewCellLayout.m; sourceTree = "<group>"; };
		0082D03524DD3D7D00BE9065 /* TAVHallCollectionViewCell.h */ = {isa = PBXFileReference; lastKnownFileType = sourcecode.c.h; path = TAVHallCollectionViewCell.h; sourceTree = "<group>"; };
		0082D03624DD3D7D00BE9065 /* TAVHallCollectionViewCell.m */ = {isa = PBXFileReference; lastKnownFileType = sourcecode.c.objc; path = TAVHallCollectionViewCell.m; sourceTree = "<group>"; };
		0082D03C24DE6FC600BE9065 /* TAVHistoryViewController.h */ = {isa = PBXFileReference; lastKnownFileType = sourcecode.c.h; path = TAVHistoryViewController.h; sourceTree = "<group>"; };
		0082D03D24DE6FC600BE9065 /* TAVHistoryViewController.m */ = {isa = PBXFileReference; lastKnownFileType = sourcecode.c.objc; path = TAVHistoryViewController.m; sourceTree = "<group>"; };
		0082D04024DE700700BE9065 /* TAVHistoryView.h */ = {isa = PBXFileReference; lastKnownFileType = sourcecode.c.h; path = TAVHistoryView.h; sourceTree = "<group>"; };
		0082D04124DE700700BE9065 /* TAVHistoryView.m */ = {isa = PBXFileReference; lastKnownFileType = sourcecode.c.objc; path = TAVHistoryView.m; sourceTree = "<group>"; };
		0082D04324DE702100BE9065 /* TAVHistoryTableViewCell.h */ = {isa = PBXFileReference; lastKnownFileType = sourcecode.c.h; path = TAVHistoryTableViewCell.h; sourceTree = "<group>"; };
		0082D04424DE702100BE9065 /* TAVHistoryTableViewCell.m */ = {isa = PBXFileReference; lastKnownFileType = sourcecode.c.objc; path = TAVHistoryTableViewCell.m; sourceTree = "<group>"; };
		0082D04624DE706200BE9065 /* TAVBasicView.h */ = {isa = PBXFileReference; lastKnownFileType = sourcecode.c.h; path = TAVBasicView.h; sourceTree = "<group>"; };
		0082D04724DE706200BE9065 /* TAVBasicView.m */ = {isa = PBXFileReference; lastKnownFileType = sourcecode.c.objc; path = TAVBasicView.m; sourceTree = "<group>"; };
		0082D04924E13C8900BE9065 /* TAVNavigationViewController.h */ = {isa = PBXFileReference; lastKnownFileType = sourcecode.c.h; path = TAVNavigationViewController.h; sourceTree = "<group>"; };
		0082D04A24E13C8900BE9065 /* TAVNavigationViewController.m */ = {isa = PBXFileReference; lastKnownFileType = sourcecode.c.objc; path = TAVNavigationViewController.m; sourceTree = "<group>"; };
		0082D04D24E1641300BE9065 /* TAVHistoryViewModel.h */ = {isa = PBXFileReference; lastKnownFileType = sourcecode.c.h; path = TAVHistoryViewModel.h; sourceTree = "<group>"; };
		0082D04E24E1641300BE9065 /* TAVHistoryViewModel.m */ = {isa = PBXFileReference; lastKnownFileType = sourcecode.c.objc; path = TAVHistoryViewModel.m; sourceTree = "<group>"; };
		009A018A24EF7B29003606F7 /* ConstValue.h */ = {isa = PBXFileReference; lastKnownFileType = sourcecode.c.h; path = ConstValue.h; sourceTree = "<group>"; };
		009A019224F4A971003606F7 /* Pods_RamdonMakeRich.framework */ = {isa = PBXFileReference; explicitFileType = wrapper.framework; path = Pods_RamdonMakeRich.framework; sourceTree = BUILT_PRODUCTS_DIR; };
		009A019624F4ACBE003606F7 /* AFNetworking.framework */ = {isa = PBXFileReference; explicitFileType = wrapper.framework; path = AFNetworking.framework; sourceTree = BUILT_PRODUCTS_DIR; };
		009A019824F4ACBE003606F7 /* FMDB.framework */ = {isa = PBXFileReference; explicitFileType = wrapper.framework; path = FMDB.framework; sourceTree = BUILT_PRODUCTS_DIR; };
		009A019A24F4ACCD003606F7 /* ReactiveObjC.framework */ = {isa = PBXFileReference; explicitFileType = wrapper.framework; path = ReactiveObjC.framework; sourceTree = BUILT_PRODUCTS_DIR; };
		009A019C24F4ACCD003606F7 /* Result.framework */ = {isa = PBXFileReference; explicitFileType = wrapper.framework; path = Result.framework; sourceTree = BUILT_PRODUCTS_DIR; };
		009A019E24F4B5C4003606F7 /* TAVFileDatabaseTool.h */ = {isa = PBXFileReference; fileEncoding = 4; lastKnownFileType = sourcecode.c.h; path = TAVFileDatabaseTool.h; sourceTree = "<group>"; };
		009A019F24F4B5C4003606F7 /* TAVFileDatabaseTool.m */ = {isa = PBXFileReference; fileEncoding = 4; lastKnownFileType = sourcecode.c.objc; path = TAVFileDatabaseTool.m; sourceTree = "<group>"; };
		314CB91743069BBB2A2830C9 /* Pods-RamdonMakeRichTests.release.xcconfig */ = {isa = PBXFileReference; includeInIndex = 1; lastKnownFileType = text.xcconfig; name = "Pods-RamdonMakeRichTests.release.xcconfig"; path = "Target Support Files/Pods-RamdonMakeRichTests/Pods-RamdonMakeRichTests.release.xcconfig"; sourceTree = "<group>"; };
		66777B781A89268EE5C605DA /* Pods-RamdonMakeRichTests.debug.xcconfig */ = {isa = PBXFileReference; includeInIndex = 1; lastKnownFileType = text.xcconfig; name = "Pods-RamdonMakeRichTests.debug.xcconfig"; path = "Target Support Files/Pods-RamdonMakeRichTests/Pods-RamdonMakeRichTests.debug.xcconfig"; sourceTree = "<group>"; };
		674427F586A4CB42665B5A08 /* Pods-RamdonMakeRich.release.xcconfig */ = {isa = PBXFileReference; includeInIndex = 1; lastKnownFileType = text.xcconfig; name = "Pods-RamdonMakeRich.release.xcconfig"; path = "Target Support Files/Pods-RamdonMakeRich/Pods-RamdonMakeRich.release.xcconfig"; sourceTree = "<group>"; };
		685759167FCC36493AA13849 /* Pods_RamdonMakeRich_RamdonMakeRichUITests.framework */ = {isa = PBXFileReference; explicitFileType = wrapper.framework; includeInIndex = 0; path = Pods_RamdonMakeRich_RamdonMakeRichUITests.framework; sourceTree = BUILT_PRODUCTS_DIR; };
		699ED568C4BA2D1A05DDC27B /* Pods-RamdonMakeRich-RamdonMakeRichUITests.debug.xcconfig */ = {isa = PBXFileReference; includeInIndex = 1; lastKnownFileType = text.xcconfig; name = "Pods-RamdonMakeRich-RamdonMakeRichUITests.debug.xcconfig"; path = "Target Support Files/Pods-RamdonMakeRich-RamdonMakeRichUITests/Pods-RamdonMakeRich-RamdonMakeRichUITests.debug.xcconfig"; sourceTree = "<group>"; };
		7672FA0A841585B35BB72738 /* Pods-RamdonMakeRich-RamdonMakeRichUITests.release.xcconfig */ = {isa = PBXFileReference; includeInIndex = 1; lastKnownFileType = text.xcconfig; name = "Pods-RamdonMakeRich-RamdonMakeRichUITests.release.xcconfig"; path = "Target Support Files/Pods-RamdonMakeRich-RamdonMakeRichUITests/Pods-RamdonMakeRich-RamdonMakeRichUITests.release.xcconfig"; sourceTree = "<group>"; };
		7834408DCBC118453F70C152 /* Pods-RamdonMakeRich.debug.xcconfig */ = {isa = PBXFileReference; includeInIndex = 1; lastKnownFileType = text.xcconfig; name = "Pods-RamdonMakeRich.debug.xcconfig"; path = "Target Support Files/Pods-RamdonMakeRich/Pods-RamdonMakeRich.debug.xcconfig"; sourceTree = "<group>"; };
		CC13DB8E35F345C0FB238AD7 /* Pods_RamdonMakeRich.framework */ = {isa = PBXFileReference; explicitFileType = wrapper.framework; includeInIndex = 0; path = Pods_RamdonMakeRich.framework; sourceTree = BUILT_PRODUCTS_DIR; };
		F9691E12F0687AD58233A230 /* Pods_RamdonMakeRichTests.framework */ = {isa = PBXFileReference; explicitFileType = wrapper.framework; includeInIndex = 0; path = Pods_RamdonMakeRichTests.framework; sourceTree = BUILT_PRODUCTS_DIR; };
/* End PBXFileReference section */

/* Begin PBXFrameworksBuildPhase section */
		002A882924D2CCEB00003602 /* Frameworks */ = {
			isa = PBXFrameworksBuildPhase;
			buildActionMask = 2147483647;
			files = (
				009A019324F4A971003606F7 /* Pods_RamdonMakeRich.framework in Frameworks */,
			);
			runOnlyForDeploymentPostprocessing = 0;
		};
		002A884424D2CCEE00003602 /* Frameworks */ = {
			isa = PBXFrameworksBuildPhase;
			buildActionMask = 2147483647;
			files = (
				376295F29FC8A13ED1761DAC /* Pods_RamdonMakeRichTests.framework in Frameworks */,
			);
			runOnlyForDeploymentPostprocessing = 0;
		};
		002A884F24D2CCEE00003602 /* Frameworks */ = {
			isa = PBXFrameworksBuildPhase;
			buildActionMask = 2147483647;
			files = (
				85F9242CF535480D86F66B63 /* Pods_RamdonMakeRich_RamdonMakeRichUITests.framework in Frameworks */,
			);
			runOnlyForDeploymentPostprocessing = 0;
		};
/* End PBXFrameworksBuildPhase section */

/* Begin PBXGroup section */
		002A882324D2CCEB00003602 = {
			isa = PBXGroup;
			children = (
				002A882E24D2CCEB00003602 /* RamdonMakeRich */,
				002A884A24D2CCEE00003602 /* RamdonMakeRichTests */,
				002A885524D2CCEE00003602 /* RamdonMakeRichUITests */,
				002A882D24D2CCEB00003602 /* Products */,
				93097127DABD93AB742B5947 /* Pods */,
				C0AB981E00AEB01A601FA256 /* Frameworks */,
			);
			sourceTree = "<group>";
		};
		002A882D24D2CCEB00003602 /* Products */ = {
			isa = PBXGroup;
			children = (
				002A882C24D2CCEB00003602 /* RamdonMakeRich.app */,
				002A884724D2CCEE00003602 /* RamdonMakeRichTests.xctest */,
				002A885224D2CCEE00003602 /* RamdonMakeRichUITests.xctest */,
			);
			name = Products;
			sourceTree = "<group>";
		};
		002A882E24D2CCEB00003602 /* RamdonMakeRich */ = {
			isa = PBXGroup;
			children = (
				009A018924EF7ADC003606F7 /* Resource */,
				0082D01824DBDD6300BE9065 /* Basic */,
				0082CFF724D8274A00BE9065 /* Lottery */,
				0082CFF224D825C400BE9065 /* Tools */,
				002A882F24D2CCEB00003602 /* AppDelegate.h */,
				002A883024D2CCEB00003602 /* AppDelegate.m */,
				002A886F24D550A000003602 /* BasicCaculatorViewController.h */,
				002A887024D550A000003602 /* BasicCaculatorViewController.m */,
				002A883824D2CCEB00003602 /* Main.storyboard */,
				002A883B24D2CCED00003602 /* Assets.xcassets */,
				002A883D24D2CCED00003602 /* LaunchScreen.storyboard */,
				002A884024D2CCED00003602 /* Info.plist */,
				002A884124D2CCED00003602 /* main.m */,
				0082CFFC24D8281100BE9065 /* RamdonMakeRichHeader.pch */,
			);
			path = RamdonMakeRich;
			sourceTree = "<group>";
		};
		002A884A24D2CCEE00003602 /* RamdonMakeRichTests */ = {
			isa = PBXGroup;
			children = (
				002A884B24D2CCEE00003602 /* RamdonMakeRichTests.m */,
				002A884D24D2CCEE00003602 /* Info.plist */,
			);
			path = RamdonMakeRichTests;
			sourceTree = "<group>";
		};
		002A885524D2CCEE00003602 /* RamdonMakeRichUITests */ = {
			isa = PBXGroup;
			children = (
				002A885624D2CCEE00003602 /* RamdonMakeRichUITests.m */,
				002A885824D2CCEE00003602 /* Info.plist */,
			);
			path = RamdonMakeRichUITests;
			sourceTree = "<group>";
		};
		002E490824E4EB2C005EF9B9 /* Arithmetic */ = {
			isa = PBXGroup;
			children = (
				002E490924E4EBA5005EF9B9 /* TAVArithmeticTool.h */,
				002E490A24E4EBA5005EF9B9 /* TAVArithmeticTool.m */,
			);
			path = Arithmetic;
			sourceTree = "<group>";
		};
		0082CFF224D825C400BE9065 /* Tools */ = {
			isa = PBXGroup;
			children = (
				002E490824E4EB2C005EF9B9 /* Arithmetic */,
				0082CFFD24D82B7400BE9065 /* Database */,
				0082CFF324D825CB00BE9065 /* NetworkTool */,
			);
			path = Tools;
			sourceTree = "<group>";
		};
		0082CFF324D825CB00BE9065 /* NetworkTool */ = {
			isa = PBXGroup;
			children = (
				0082CFF424D825DB00BE9065 /* TAVNetworkTool.h */,
				0082CFF524D825DB00BE9065 /* TAVNetworkTool.m */,
			);
			path = NetworkTool;
			sourceTree = "<group>";
		};
		0082CFF724D8274A00BE9065 /* Lottery */ = {
			isa = PBXGroup;
			children = (
				0082CFFB24D8277600BE9065 /* Controller */,
				0082CFFA24D8277200BE9065 /* View */,
				0082CFF924D8276900BE9065 /* ViewModel */,
				0082CFF824D8276400BE9065 /* Model */,
			);
			path = Lottery;
			sourceTree = "<group>";
		};
		0082CFF824D8276400BE9065 /* Model */ = {
			isa = PBXGroup;
			children = (
				0082D00A24D961EA00BE9065 /* TAVHallModel.h */,
				0082D00B24D961EA00BE9065 /* TAVHallModel.m */,
				0082D00D24D970C400BE9065 /* TAVLotteryPO.h */,
				0082D00E24D970C400BE9065 /* TAVLotteryPO.m */,
			);
			path = Model;
			sourceTree = "<group>";
		};
		0082CFF924D8276900BE9065 /* ViewModel */ = {
			isa = PBXGroup;
			children = (
				0082D04C24E163F700BE9065 /* LotteryHistory */,
				0082D00424D959AA00BE9065 /* TAVHallViewModel.h */,
				0082D00524D959AA00BE9065 /* TAVHallViewModel.m */,
			);
			path = ViewModel;
			sourceTree = "<group>";
		};
		0082CFFA24D8277200BE9065 /* View */ = {
			isa = PBXGroup;
			children = (
				0082D03F24DE6FD100BE9065 /* LotteryHistory */,
				0082D02F24DC155A00BE9065 /* TAVHallView.h */,
				0082D03024DC155A00BE9065 /* TAVHallView.m */,
				0082D03524DD3D7D00BE9065 /* TAVHallCollectionViewCell.h */,
				0082D03624DD3D7D00BE9065 /* TAVHallCollectionViewCell.m */,
				0082D03224DC18E500BE9065 /* TAVHallCollectionViewCellLayout.h */,
				0082D03324DC18E500BE9065 /* TAVHallCollectionViewCellLayout.m */,
			);
			path = View;
			sourceTree = "<group>";
		};
		0082CFFB24D8277600BE9065 /* Controller */ = {
			isa = PBXGroup;
			children = (
				0082D03B24DE6E7E00BE9065 /* LotteryHistory */,
				0082D00124D9588700BE9065 /* TAVHallViewController.h */,
				0082D00224D9588700BE9065 /* TAVHallViewController.m */,
			);
			path = Controller;
			sourceTree = "<group>";
		};
		0082CFFD24D82B7400BE9065 /* Database */ = {
			isa = PBXGroup;
			children = (
				009A019E24F4B5C4003606F7 /* TAVFileDatabaseTool.h */,
				009A019F24F4B5C4003606F7 /* TAVFileDatabaseTool.m */,
				002A887224D5578C00003602 /* TAVDatabaseTool.h */,
				002A887324D5578C00003602 /* TAVDatabaseTool.m */,
			);
			path = Database;
			sourceTree = "<group>";
		};
		0082D01824DBDD6300BE9065 /* Basic */ = {
			isa = PBXGroup;
			children = (
				0082D01E24DBDDEF00BE9065 /* Config */,
				0082D01B24DBDD8C00BE9065 /* Controller */,
				0082D01C24DBDDA900BE9065 /* View */,
				0082D01A24DBDD8800BE9065 /* ViewModel */,
				0082D01924DBDD8000BE9065 /* Model */,
			);
			path = Basic;
			sourceTree = "<group>";
		};
		0082D01924DBDD8000BE9065 /* Model */ = {
			isa = PBXGroup;
			children = (
				0082D02924DBEB1F00BE9065 /* TAVBasicModel.h */,
				0082D02A24DBEB1F00BE9065 /* TAVBasicModel.m */,
			);
			path = Model;
			sourceTree = "<group>";
		};
		0082D01A24DBDD8800BE9065 /* ViewModel */ = {
			isa = PBXGroup;
			children = (
				0082D02524DBE9ED00BE9065 /* TAVViewModelProtocol.h */,
				0082D02624DBEA8300BE9065 /* TAVViewModelProtocolImp.h */,
				0082D02724DBEA8300BE9065 /* TAVViewModelProtocolImp.m */,
				0082D02C24DBED5400BE9065 /* TAVBasicViewModel.h */,
				0082D02D24DBED5400BE9065 /* TAVBasicViewModel.m */,
			);
			path = ViewModel;
			sourceTree = "<group>";
		};
		0082D01B24DBDD8C00BE9065 /* Controller */ = {
			isa = PBXGroup;
			children = (
				0082CFFE24D9584E00BE9065 /* TAVBasicViewController.h */,
				0082CFFF24D9584E00BE9065 /* TAVBasicViewController.m */,
				0082D01524DBD9AA00BE9065 /* TAVTabBarViewController.h */,
				0082D01624DBD9AA00BE9065 /* TAVTabBarViewController.m */,
				0082D04924E13C8900BE9065 /* TAVNavigationViewController.h */,
				0082D04A24E13C8900BE9065 /* TAVNavigationViewController.m */,
			);
			path = Controller;
			sourceTree = "<group>";
		};
		0082D01C24DBDDA900BE9065 /* View */ = {
			isa = PBXGroup;
			children = (
				0082D04624DE706200BE9065 /* TAVBasicView.h */,
				0082D04724DE706200BE9065 /* TAVBasicView.m */,
			);
			path = View;
			sourceTree = "<group>";
		};
		0082D01E24DBDDEF00BE9065 /* Config */ = {
			isa = PBXGroup;
			children = (
				0082D01F24DBDE0A00BE9065 /* TAVTabBarControllerConfig.h */,
				0082D02024DBDE0A00BE9065 /* TAVTabBarControllerConfig.m */,
			);
			path = Config;
			sourceTree = "<group>";
		};
		0082D03B24DE6E7E00BE9065 /* LotteryHistory */ = {
			isa = PBXGroup;
			children = (
				0082D03C24DE6FC600BE9065 /* TAVHistoryViewController.h */,
				0082D03D24DE6FC600BE9065 /* TAVHistoryViewController.m */,
			);
			path = LotteryHistory;
			sourceTree = "<group>";
		};
		0082D03F24DE6FD100BE9065 /* LotteryHistory */ = {
			isa = PBXGroup;
			children = (
				0082D04024DE700700BE9065 /* TAVHistoryView.h */,
				0082D04124DE700700BE9065 /* TAVHistoryView.m */,
				0082D04324DE702100BE9065 /* TAVHistoryTableViewCell.h */,
				0082D04424DE702100BE9065 /* TAVHistoryTableViewCell.m */,
			);
			path = LotteryHistory;
			sourceTree = "<group>";
		};
		0082D04C24E163F700BE9065 /* LotteryHistory */ = {
			isa = PBXGroup;
			children = (
				0082D04D24E1641300BE9065 /* TAVHistoryViewModel.h */,
				0082D04E24E1641300BE9065 /* TAVHistoryViewModel.m */,
			);
			path = LotteryHistory;
			sourceTree = "<group>";
		};
		009A018924EF7ADC003606F7 /* Resource */ = {
			isa = PBXGroup;
			children = (
				009A018A24EF7B29003606F7 /* ConstValue.h */,
			);
			path = Resource;
			sourceTree = "<group>";
		};
		93097127DABD93AB742B5947 /* Pods */ = {
			isa = PBXGroup;
			children = (
				7834408DCBC118453F70C152 /* Pods-RamdonMakeRich.debug.xcconfig */,
				674427F586A4CB42665B5A08 /* Pods-RamdonMakeRich.release.xcconfig */,
				699ED568C4BA2D1A05DDC27B /* Pods-RamdonMakeRich-RamdonMakeRichUITests.debug.xcconfig */,
				7672FA0A841585B35BB72738 /* Pods-RamdonMakeRich-RamdonMakeRichUITests.release.xcconfig */,
				66777B781A89268EE5C605DA /* Pods-RamdonMakeRichTests.debug.xcconfig */,
				314CB91743069BBB2A2830C9 /* Pods-RamdonMakeRichTests.release.xcconfig */,
			);
			path = Pods;
			sourceTree = "<group>";
		};
		C0AB981E00AEB01A601FA256 /* Frameworks */ = {
			isa = PBXGroup;
			children = (
				009A019A24F4ACCD003606F7 /* ReactiveObjC.framework */,
				009A019C24F4ACCD003606F7 /* Result.framework */,
				009A019624F4ACBE003606F7 /* AFNetworking.framework */,
				009A019824F4ACBE003606F7 /* FMDB.framework */,
				009A019224F4A971003606F7 /* Pods_RamdonMakeRich.framework */,
				CC13DB8E35F345C0FB238AD7 /* Pods_RamdonMakeRich.framework */,
				685759167FCC36493AA13849 /* Pods_RamdonMakeRich_RamdonMakeRichUITests.framework */,
				F9691E12F0687AD58233A230 /* Pods_RamdonMakeRichTests.framework */,
			);
			name = Frameworks;
			sourceTree = "<group>";
		};
/* End PBXGroup section */

/* Begin PBXNativeTarget section */
		002A882B24D2CCEB00003602 /* RamdonMakeRich */ = {
			isa = PBXNativeTarget;
			buildConfigurationList = 002A885B24D2CCEE00003602 /* Build configuration list for PBXNativeTarget "RamdonMakeRich" */;
			buildPhases = (
				C034F23CD441EEDB1F0AD555 /* [CP] Check Pods Manifest.lock */,
				002A882824D2CCEB00003602 /* Sources */,
				002A882924D2CCEB00003602 /* Frameworks */,
				002A882A24D2CCEB00003602 /* Resources */,
				5ABB7F99FFC95B20891C938B /* [CP] Embed Pods Frameworks */,
			);
			buildRules = (
			);
			dependencies = (
			);
			name = RamdonMakeRich;
			productName = RamdonMakeRich;
			productReference = 002A882C24D2CCEB00003602 /* RamdonMakeRich.app */;
			productType = "com.apple.product-type.application";
		};
		002A884624D2CCEE00003602 /* RamdonMakeRichTests */ = {
			isa = PBXNativeTarget;
			buildConfigurationList = 002A885E24D2CCEE00003602 /* Build configuration list for PBXNativeTarget "RamdonMakeRichTests" */;
			buildPhases = (
				580C50BB563D5B3F3CDD6290 /* [CP] Check Pods Manifest.lock */,
				002A884324D2CCEE00003602 /* Sources */,
				002A884424D2CCEE00003602 /* Frameworks */,
				002A884524D2CCEE00003602 /* Resources */,
			);
			buildRules = (
			);
			dependencies = (
				002A884924D2CCEE00003602 /* PBXTargetDependency */,
			);
			name = RamdonMakeRichTests;
			productName = RamdonMakeRichTests;
			productReference = 002A884724D2CCEE00003602 /* RamdonMakeRichTests.xctest */;
			productType = "com.apple.product-type.bundle.unit-test";
		};
		002A885124D2CCEE00003602 /* RamdonMakeRichUITests */ = {
			isa = PBXNativeTarget;
			buildConfigurationList = 002A886124D2CCEE00003602 /* Build configuration list for PBXNativeTarget "RamdonMakeRichUITests" */;
			buildPhases = (
				DA130421013F84ABDB24B490 /* [CP] Check Pods Manifest.lock */,
				002A884E24D2CCEE00003602 /* Sources */,
				002A884F24D2CCEE00003602 /* Frameworks */,
				002A885024D2CCEE00003602 /* Resources */,
				E668D1A07C5C2645DB21BFD9 /* [CP] Embed Pods Frameworks */,
			);
			buildRules = (
			);
			dependencies = (
				002A885424D2CCEE00003602 /* PBXTargetDependency */,
			);
			name = RamdonMakeRichUITests;
			productName = RamdonMakeRichUITests;
			productReference = 002A885224D2CCEE00003602 /* RamdonMakeRichUITests.xctest */;
			productType = "com.apple.product-type.bundle.ui-testing";
		};
/* End PBXNativeTarget section */

/* Begin PBXProject section */
		002A882424D2CCEB00003602 /* Project object */ = {
			isa = PBXProject;
			attributes = {
				CLASSPREFIX = TAV;
				LastUpgradeCheck = 1150;
				ORGANIZATIONNAME = "Dong&Ling";
				TargetAttributes = {
					002A882B24D2CCEB00003602 = {
						CreatedOnToolsVersion = 11.5;
					};
					002A884624D2CCEE00003602 = {
						CreatedOnToolsVersion = 11.5;
						TestTargetID = 002A882B24D2CCEB00003602;
					};
					002A885124D2CCEE00003602 = {
						CreatedOnToolsVersion = 11.5;
						TestTargetID = 002A882B24D2CCEB00003602;
					};
				};
			};
			buildConfigurationList = 002A882724D2CCEB00003602 /* Build configuration list for PBXProject "RamdonMakeRich" */;
			compatibilityVersion = "Xcode 9.3";
			developmentRegion = en;
			hasScannedForEncodings = 0;
			knownRegions = (
				en,
				Base,
			);
			mainGroup = 002A882324D2CCEB00003602;
			productRefGroup = 002A882D24D2CCEB00003602 /* Products */;
			projectDirPath = "";
			projectRoot = "";
			targets = (
				002A882B24D2CCEB00003602 /* RamdonMakeRich */,
				002A884624D2CCEE00003602 /* RamdonMakeRichTests */,
				002A885124D2CCEE00003602 /* RamdonMakeRichUITests */,
			);
		};
/* End PBXProject section */

/* Begin PBXResourcesBuildPhase section */
		002A882A24D2CCEB00003602 /* Resources */ = {
			isa = PBXResourcesBuildPhase;
			buildActionMask = 2147483647;
			files = (
				002A883F24D2CCED00003602 /* LaunchScreen.storyboard in Resources */,
				002A883C24D2CCED00003602 /* Assets.xcassets in Resources */,
				002A883A24D2CCEB00003602 /* Main.storyboard in Resources */,
			);
			runOnlyForDeploymentPostprocessing = 0;
		};
		002A884524D2CCEE00003602 /* Resources */ = {
			isa = PBXResourcesBuildPhase;
			buildActionMask = 2147483647;
			files = (
			);
			runOnlyForDeploymentPostprocessing = 0;
		};
		002A885024D2CCEE00003602 /* Resources */ = {
			isa = PBXResourcesBuildPhase;
			buildActionMask = 2147483647;
			files = (
			);
			runOnlyForDeploymentPostprocessing = 0;
		};
/* End PBXResourcesBuildPhase section */

/* Begin PBXShellScriptBuildPhase section */
		580C50BB563D5B3F3CDD6290 /* [CP] Check Pods Manifest.lock */ = {
			isa = PBXShellScriptBuildPhase;
			buildActionMask = 2147483647;
			files = (
			);
			inputFileListPaths = (
			);
			inputPaths = (
				"${PODS_PODFILE_DIR_PATH}/Podfile.lock",
				"${PODS_ROOT}/Manifest.lock",
			);
			name = "[CP] Check Pods Manifest.lock";
			outputFileListPaths = (
			);
			outputPaths = (
				"$(DERIVED_FILE_DIR)/Pods-RamdonMakeRichTests-checkManifestLockResult.txt",
			);
			runOnlyForDeploymentPostprocessing = 0;
			shellPath = /bin/sh;
			shellScript = "diff \"${PODS_PODFILE_DIR_PATH}/Podfile.lock\" \"${PODS_ROOT}/Manifest.lock\" > /dev/null\nif [ $? != 0 ] ; then\n    # print error to STDERR\n    echo \"error: The sandbox is not in sync with the Podfile.lock. Run 'pod install' or update your CocoaPods installation.\" >&2\n    exit 1\nfi\n# This output is used by Xcode 'outputs' to avoid re-running this script phase.\necho \"SUCCESS\" > \"${SCRIPT_OUTPUT_FILE_0}\"\n";
			showEnvVarsInLog = 0;
		};
		5ABB7F99FFC95B20891C938B /* [CP] Embed Pods Frameworks */ = {
			isa = PBXShellScriptBuildPhase;
			buildActionMask = 2147483647;
			files = (
			);
			inputFileListPaths = (
				"${PODS_ROOT}/Target Support Files/Pods-RamdonMakeRich/Pods-RamdonMakeRich-frameworks-${CONFIGURATION}-input-files.xcfilelist",
			);
			name = "[CP] Embed Pods Frameworks";
			outputFileListPaths = (
				"${PODS_ROOT}/Target Support Files/Pods-RamdonMakeRich/Pods-RamdonMakeRich-frameworks-${CONFIGURATION}-output-files.xcfilelist",
			);
			runOnlyForDeploymentPostprocessing = 0;
			shellPath = /bin/sh;
			shellScript = "\"${PODS_ROOT}/Target Support Files/Pods-RamdonMakeRich/Pods-RamdonMakeRich-frameworks.sh\"\n";
			showEnvVarsInLog = 0;
		};
		C034F23CD441EEDB1F0AD555 /* [CP] Check Pods Manifest.lock */ = {
			isa = PBXShellScriptBuildPhase;
			buildActionMask = 2147483647;
			files = (
			);
			inputFileListPaths = (
			);
			inputPaths = (
				"${PODS_PODFILE_DIR_PATH}/Podfile.lock",
				"${PODS_ROOT}/Manifest.lock",
			);
			name = "[CP] Check Pods Manifest.lock";
			outputFileListPaths = (
			);
			outputPaths = (
				"$(DERIVED_FILE_DIR)/Pods-RamdonMakeRich-checkManifestLockResult.txt",
			);
			runOnlyForDeploymentPostprocessing = 0;
			shellPath = /bin/sh;
			shellScript = "diff \"${PODS_PODFILE_DIR_PATH}/Podfile.lock\" \"${PODS_ROOT}/Manifest.lock\" > /dev/null\nif [ $? != 0 ] ; then\n    # print error to STDERR\n    echo \"error: The sandbox is not in sync with the Podfile.lock. Run 'pod install' or update your CocoaPods installation.\" >&2\n    exit 1\nfi\n# This output is used by Xcode 'outputs' to avoid re-running this script phase.\necho \"SUCCESS\" > \"${SCRIPT_OUTPUT_FILE_0}\"\n";
			showEnvVarsInLog = 0;
		};
		DA130421013F84ABDB24B490 /* [CP] Check Pods Manifest.lock */ = {
			isa = PBXShellScriptBuildPhase;
			buildActionMask = 2147483647;
			files = (
			);
			inputFileListPaths = (
			);
			inputPaths = (
				"${PODS_PODFILE_DIR_PATH}/Podfile.lock",
				"${PODS_ROOT}/Manifest.lock",
			);
			name = "[CP] Check Pods Manifest.lock";
			outputFileListPaths = (
			);
			outputPaths = (
				"$(DERIVED_FILE_DIR)/Pods-RamdonMakeRich-RamdonMakeRichUITests-checkManifestLockResult.txt",
			);
			runOnlyForDeploymentPostprocessing = 0;
			shellPath = /bin/sh;
			shellScript = "diff \"${PODS_PODFILE_DIR_PATH}/Podfile.lock\" \"${PODS_ROOT}/Manifest.lock\" > /dev/null\nif [ $? != 0 ] ; then\n    # print error to STDERR\n    echo \"error: The sandbox is not in sync with the Podfile.lock. Run 'pod install' or update your CocoaPods installation.\" >&2\n    exit 1\nfi\n# This output is used by Xcode 'outputs' to avoid re-running this script phase.\necho \"SUCCESS\" > \"${SCRIPT_OUTPUT_FILE_0}\"\n";
			showEnvVarsInLog = 0;
		};
		E668D1A07C5C2645DB21BFD9 /* [CP] Embed Pods Frameworks */ = {
			isa = PBXShellScriptBuildPhase;
			buildActionMask = 2147483647;
			files = (
			);
			inputFileListPaths = (
				"${PODS_ROOT}/Target Support Files/Pods-RamdonMakeRich-RamdonMakeRichUITests/Pods-RamdonMakeRich-RamdonMakeRichUITests-frameworks-${CONFIGURATION}-input-files.xcfilelist",
			);
			name = "[CP] Embed Pods Frameworks";
			outputFileListPaths = (
				"${PODS_ROOT}/Target Support Files/Pods-RamdonMakeRich-RamdonMakeRichUITests/Pods-RamdonMakeRich-RamdonMakeRichUITests-frameworks-${CONFIGURATION}-output-files.xcfilelist",
			);
			runOnlyForDeploymentPostprocessing = 0;
			shellPath = /bin/sh;
			shellScript = "\"${PODS_ROOT}/Target Support Files/Pods-RamdonMakeRich-RamdonMakeRichUITests/Pods-RamdonMakeRich-RamdonMakeRichUITests-frameworks.sh\"\n";
			showEnvVarsInLog = 0;
		};
/* End PBXShellScriptBuildPhase section */

/* Begin PBXSourcesBuildPhase section */
		002A882824D2CCEB00003602 /* Sources */ = {
			isa = PBXSourcesBuildPhase;
			buildActionMask = 2147483647;
			files = (
				0082D00C24D961EA00BE9065 /* TAVHallModel.m in Sources */,
				0082D00024D9584E00BE9065 /* TAVBasicViewController.m in Sources */,
				0082D03424DC18E500BE9065 /* TAVHallCollectionViewCellLayout.m in Sources */,
				0082D02B24DBEB1F00BE9065 /* TAVBasicModel.m in Sources */,
				0082D04B24E13C8900BE9065 /* TAVNavigationViewController.m in Sources */,
				0082CFF624D825DB00BE9065 /* TAVNetworkTool.m in Sources */,
				002A887424D5578C00003602 /* TAVDatabaseTool.m in Sources */,
				0082D02824DBEA8300BE9065 /* TAVViewModelProtocolImp.m in Sources */,
				0082D04224DE700700BE9065 /* TAVHistoryView.m in Sources */,
				0082D02E24DBED5400BE9065 /* TAVBasicViewModel.m in Sources */,
				002A887124D550A000003602 /* BasicCaculatorViewController.m in Sources */,
				0082D04524DE702100BE9065 /* TAVHistoryTableViewCell.m in Sources */,
				009A01A024F4B5C4003606F7 /* TAVFileDatabaseTool.m in Sources */,
				0082D00624D959AA00BE9065 /* TAVHallViewModel.m in Sources */,
				0082D02124DBDE0A00BE9065 /* TAVTabBarControllerConfig.m in Sources */,
				0082D04824DE706200BE9065 /* TAVBasicView.m in Sources */,
				0082D00324D9588700BE9065 /* TAVHallViewController.m in Sources */,
				0082D01724DBD9AA00BE9065 /* TAVTabBarViewController.m in Sources */,
				0082D04F24E1641300BE9065 /* TAVHistoryViewModel.m in Sources */,
				002A883124D2CCEB00003602 /* AppDelegate.m in Sources */,
				0082D00F24D970C400BE9065 /* TAVLotteryPO.m in Sources */,
				0082D03724DD3D7D00BE9065 /* TAVHallCollectionViewCell.m in Sources */,
				0082D03E24DE6FC600BE9065 /* TAVHistoryViewController.m in Sources */,
				002E490B24E4EBA5005EF9B9 /* TAVArithmeticTool.m in Sources */,
				002A884224D2CCED00003602 /* main.m in Sources */,
				0082D03124DC155A00BE9065 /* TAVHallView.m in Sources */,
			);
			runOnlyForDeploymentPostprocessing = 0;
		};
		002A884324D2CCEE00003602 /* Sources */ = {
			isa = PBXSourcesBuildPhase;
			buildActionMask = 2147483647;
			files = (
				002A884C24D2CCEE00003602 /* RamdonMakeRichTests.m in Sources */,
			);
			runOnlyForDeploymentPostprocessing = 0;
		};
		002A884E24D2CCEE00003602 /* Sources */ = {
			isa = PBXSourcesBuildPhase;
			buildActionMask = 2147483647;
			files = (
				002A885724D2CCEE00003602 /* RamdonMakeRichUITests.m in Sources */,
			);
			runOnlyForDeploymentPostprocessing = 0;
		};
/* End PBXSourcesBuildPhase section */

/* Begin PBXTargetDependency section */
		002A884924D2CCEE00003602 /* PBXTargetDependency */ = {
			isa = PBXTargetDependency;
			target = 002A882B24D2CCEB00003602 /* RamdonMakeRich */;
			targetProxy = 002A884824D2CCEE00003602 /* PBXContainerItemProxy */;
		};
		002A885424D2CCEE00003602 /* PBXTargetDependency */ = {
			isa = PBXTargetDependency;
			target = 002A882B24D2CCEB00003602 /* RamdonMakeRich */;
			targetProxy = 002A885324D2CCEE00003602 /* PBXContainerItemProxy */;
		};
/* End PBXTargetDependency section */

/* Begin PBXVariantGroup section */
		002A883824D2CCEB00003602 /* Main.storyboard */ = {
			isa = PBXVariantGroup;
			children = (
				002A883924D2CCEB00003602 /* Base */,
			);
			name = Main.storyboard;
			sourceTree = "<group>";
		};
		002A883D24D2CCED00003602 /* LaunchScreen.storyboard */ = {
			isa = PBXVariantGroup;
			children = (
				002A883E24D2CCED00003602 /* Base */,
			);
			name = LaunchScreen.storyboard;
			sourceTree = "<group>";
		};
/* End PBXVariantGroup section */

/* Begin XCBuildConfiguration section */
		002A885924D2CCEE00003602 /* Debug */ = {
			isa = XCBuildConfiguration;
			buildSettings = {
				ALWAYS_SEARCH_USER_PATHS = NO;
				CLANG_ANALYZER_NONNULL = YES;
				CLANG_ANALYZER_NUMBER_OBJECT_CONVERSION = YES_AGGRESSIVE;
				CLANG_CXX_LANGUAGE_STANDARD = "gnu++14";
				CLANG_CXX_LIBRARY = "libc++";
				CLANG_ENABLE_MODULES = YES;
				CLANG_ENABLE_OBJC_ARC = YES;
				CLANG_ENABLE_OBJC_WEAK = YES;
				CLANG_WARN_BLOCK_CAPTURE_AUTORELEASING = YES;
				CLANG_WARN_BOOL_CONVERSION = YES;
				CLANG_WARN_COMMA = YES;
				CLANG_WARN_CONSTANT_CONVERSION = YES;
				CLANG_WARN_DEPRECATED_OBJC_IMPLEMENTATIONS = YES;
				CLANG_WARN_DIRECT_OBJC_ISA_USAGE = YES_ERROR;
				CLANG_WARN_DOCUMENTATION_COMMENTS = YES;
				CLANG_WARN_EMPTY_BODY = YES;
				CLANG_WARN_ENUM_CONVERSION = YES;
				CLANG_WARN_INFINITE_RECURSION = YES;
				CLANG_WARN_INT_CONVERSION = YES;
				CLANG_WARN_NON_LITERAL_NULL_CONVERSION = YES;
				CLANG_WARN_OBJC_IMPLICIT_RETAIN_SELF = YES;
				CLANG_WARN_OBJC_LITERAL_CONVERSION = YES;
				CLANG_WARN_OBJC_ROOT_CLASS = YES_ERROR;
				CLANG_WARN_RANGE_LOOP_ANALYSIS = YES;
				CLANG_WARN_STRICT_PROTOTYPES = YES;
				CLANG_WARN_SUSPICIOUS_MOVE = YES;
				CLANG_WARN_UNGUARDED_AVAILABILITY = YES_AGGRESSIVE;
				CLANG_WARN_UNREACHABLE_CODE = YES;
				CLANG_WARN__DUPLICATE_METHOD_MATCH = YES;
				COPY_PHASE_STRIP = NO;
				DEBUG_INFORMATION_FORMAT = dwarf;
				ENABLE_STRICT_OBJC_MSGSEND = YES;
				ENABLE_TESTABILITY = YES;
				GCC_C_LANGUAGE_STANDARD = gnu11;
				GCC_DYNAMIC_NO_PIC = NO;
				GCC_NO_COMMON_BLOCKS = YES;
				GCC_OPTIMIZATION_LEVEL = 0;
				GCC_PREPROCESSOR_DEFINITIONS = (
					"DEBUG=1",
					"$(inherited)",
				);
				GCC_WARN_64_TO_32_BIT_CONVERSION = YES;
				GCC_WARN_ABOUT_RETURN_TYPE = YES_ERROR;
				GCC_WARN_UNDECLARED_SELECTOR = YES;
				GCC_WARN_UNINITIALIZED_AUTOS = YES_AGGRESSIVE;
				GCC_WARN_UNUSED_FUNCTION = YES;
				GCC_WARN_UNUSED_VARIABLE = YES;
				IPHONEOS_DEPLOYMENT_TARGET = 13.5;
				MTL_ENABLE_DEBUG_INFO = INCLUDE_SOURCE;
				MTL_FAST_MATH = YES;
				ONLY_ACTIVE_ARCH = YES;
				SDKROOT = iphoneos;
			};
			name = Debug;
		};
		002A885A24D2CCEE00003602 /* Release */ = {
			isa = XCBuildConfiguration;
			buildSettings = {
				ALWAYS_SEARCH_USER_PATHS = NO;
				CLANG_ANALYZER_NONNULL = YES;
				CLANG_ANALYZER_NUMBER_OBJECT_CONVERSION = YES_AGGRESSIVE;
				CLANG_CXX_LANGUAGE_STANDARD = "gnu++14";
				CLANG_CXX_LIBRARY = "libc++";
				CLANG_ENABLE_MODULES = YES;
				CLANG_ENABLE_OBJC_ARC = YES;
				CLANG_ENABLE_OBJC_WEAK = YES;
				CLANG_WARN_BLOCK_CAPTURE_AUTORELEASING = YES;
				CLANG_WARN_BOOL_CONVERSION = YES;
				CLANG_WARN_COMMA = YES;
				CLANG_WARN_CONSTANT_CONVERSION = YES;
				CLANG_WARN_DEPRECATED_OBJC_IMPLEMENTATIONS = YES;
				CLANG_WARN_DIRECT_OBJC_ISA_USAGE = YES_ERROR;
				CLANG_WARN_DOCUMENTATION_COMMENTS = YES;
				CLANG_WARN_EMPTY_BODY = YES;
				CLANG_WARN_ENUM_CONVERSION = YES;
				CLANG_WARN_INFINITE_RECURSION = YES;
				CLANG_WARN_INT_CONVERSION = YES;
				CLANG_WARN_NON_LITERAL_NULL_CONVERSION = YES;
				CLANG_WARN_OBJC_IMPLICIT_RETAIN_SELF = YES;
				CLANG_WARN_OBJC_LITERAL_CONVERSION = YES;
				CLANG_WARN_OBJC_ROOT_CLASS = YES_ERROR;
				CLANG_WARN_RANGE_LOOP_ANALYSIS = YES;
				CLANG_WARN_STRICT_PROTOTYPES = YES;
				CLANG_WARN_SUSPICIOUS_MOVE = YES;
				CLANG_WARN_UNGUARDED_AVAILABILITY = YES_AGGRESSIVE;
				CLANG_WARN_UNREACHABLE_CODE = YES;
				CLANG_WARN__DUPLICATE_METHOD_MATCH = YES;
				COPY_PHASE_STRIP = NO;
				DEBUG_INFORMATION_FORMAT = "dwarf-with-dsym";
				ENABLE_NS_ASSERTIONS = NO;
				ENABLE_STRICT_OBJC_MSGSEND = YES;
				GCC_C_LANGUAGE_STANDARD = gnu11;
				GCC_NO_COMMON_BLOCKS = YES;
				GCC_WARN_64_TO_32_BIT_CONVERSION = YES;
				GCC_WARN_ABOUT_RETURN_TYPE = YES_ERROR;
				GCC_WARN_UNDECLARED_SELECTOR = YES;
				GCC_WARN_UNINITIALIZED_AUTOS = YES_AGGRESSIVE;
				GCC_WARN_UNUSED_FUNCTION = YES;
				GCC_WARN_UNUSED_VARIABLE = YES;
				IPHONEOS_DEPLOYMENT_TARGET = 13.5;
				MTL_ENABLE_DEBUG_INFO = NO;
				MTL_FAST_MATH = YES;
				SDKROOT = iphoneos;
				VALIDATE_PRODUCT = YES;
			};
			name = Release;
		};
		002A885C24D2CCEE00003602 /* Debug */ = {
			isa = XCBuildConfiguration;
			baseConfigurationReference = 7834408DCBC118453F70C152 /* Pods-RamdonMakeRich.debug.xcconfig */;
			buildSettings = {
				ASSETCATALOG_COMPILER_APPICON_NAME = AppIcon;
				CODE_SIGN_STYLE = Automatic;
				DEVELOPMENT_TEAM = 99KXN3T389;
				ENABLE_ON_DEMAND_RESOURCES = YES;
				ENABLE_TESTABILITY = NO;
				GCC_NO_COMMON_BLOCKS = YES;
				GCC_PRECOMPILE_PREFIX_HEADER = YES;
				GCC_PREFIX_HEADER = "$(SRCROOT)/RamdonMakeRich/RamdonMakeRichHeader.pch";
				INFOPLIST_FILE = RamdonMakeRich/Info.plist;
				IPHONEOS_DEPLOYMENT_TARGET = 9.0;
				LD_RUNPATH_SEARCH_PATHS = (
					"$(inherited)",
					"@executable_path/Frameworks",
				);
				PRODUCT_BUNDLE_IDENTIFIER = com.lixiaodong.Li;
				PRODUCT_NAME = "$(TARGET_NAME)";
				TARGETED_DEVICE_FAMILY = "1,2";
			};
			name = Debug;
		};
		002A885D24D2CCEE00003602 /* Release */ = {
			isa = XCBuildConfiguration;
			baseConfigurationReference = 674427F586A4CB42665B5A08 /* Pods-RamdonMakeRich.release.xcconfig */;
			buildSettings = {
				ASSETCATALOG_COMPILER_APPICON_NAME = AppIcon;
				CODE_SIGN_STYLE = Automatic;
				DEVELOPMENT_TEAM = 99KXN3T389;
				ENABLE_ON_DEMAND_RESOURCES = YES;
				GCC_NO_COMMON_BLOCKS = YES;
				GCC_PRECOMPILE_PREFIX_HEADER = YES;
				GCC_PREFIX_HEADER = "$(SRCROOT)/RamdonMakeRich/RamdonMakeRichHeader.pch";
				INFOPLIST_FILE = RamdonMakeRich/Info.plist;
				IPHONEOS_DEPLOYMENT_TARGET = 9.0;
				LD_RUNPATH_SEARCH_PATHS = (
					"$(inherited)",
					"@executable_path/Frameworks",
				);
				PRODUCT_BUNDLE_IDENTIFIER = com.lixiaodong.Li;
				PRODUCT_NAME = "$(TARGET_NAME)";
				TARGETED_DEVICE_FAMILY = "1,2";
			};
			name = Release;
		};
		002A885F24D2CCEE00003602 /* Debug */ = {
			isa = XCBuildConfiguration;
			baseConfigurationReference = 66777B781A89268EE5C605DA /* Pods-RamdonMakeRichTests.debug.xcconfig */;
			buildSettings = {
				BUNDLE_LOADER = "$(TEST_HOST)";
				CODE_SIGN_STYLE = Automatic;
				INFOPLIST_FILE = RamdonMakeRichTests/Info.plist;
				IPHONEOS_DEPLOYMENT_TARGET = 13.5;
				LD_RUNPATH_SEARCH_PATHS = (
					"$(inherited)",
					"@executable_path/Frameworks",
					"@loader_path/Frameworks",
				);
				PRODUCT_BUNDLE_IDENTIFIER = com.lixiaodong.Li.RamdonMakeRichTests;
				PRODUCT_NAME = "$(TARGET_NAME)";
				TARGETED_DEVICE_FAMILY = "1,2";
				TEST_HOST = "$(BUILT_PRODUCTS_DIR)/RamdonMakeRich.app/RamdonMakeRich";
			};
			name = Debug;
		};
		002A886024D2CCEE00003602 /* Release */ = {
			isa = XCBuildConfiguration;
			baseConfigurationReference = 314CB91743069BBB2A2830C9 /* Pods-RamdonMakeRichTests.release.xcconfig */;
			buildSettings = {
				BUNDLE_LOADER = "$(TEST_HOST)";
				CODE_SIGN_STYLE = Automatic;
				INFOPLIST_FILE = RamdonMakeRichTests/Info.plist;
				IPHONEOS_DEPLOYMENT_TARGET = 13.5;
				LD_RUNPATH_SEARCH_PATHS = (
					"$(inherited)",
					"@executable_path/Frameworks",
					"@loader_path/Frameworks",
				);
				PRODUCT_BUNDLE_IDENTIFIER = com.lixiaodong.Li.RamdonMakeRichTests;
				PRODUCT_NAME = "$(TARGET_NAME)";
				TARGETED_DEVICE_FAMILY = "1,2";
				TEST_HOST = "$(BUILT_PRODUCTS_DIR)/RamdonMakeRich.app/RamdonMakeRich";
			};
			name = Release;
		};
		002A886224D2CCEE00003602 /* Debug */ = {
			isa = XCBuildConfiguration;
			baseConfigurationReference = 699ED568C4BA2D1A05DDC27B /* Pods-RamdonMakeRich-RamdonMakeRichUITests.debug.xcconfig */;
			buildSettings = {
				CODE_SIGN_STYLE = Automatic;
				INFOPLIST_FILE = RamdonMakeRichUITests/Info.plist;
				LD_RUNPATH_SEARCH_PATHS = (
					"$(inherited)",
					"@executable_path/Frameworks",
					"@loader_path/Frameworks",
				);
				PRODUCT_BUNDLE_IDENTIFIER = com.lixiaodong.Li.RamdonMakeRichUITests;
				PRODUCT_NAME = "$(TARGET_NAME)";
				TARGETED_DEVICE_FAMILY = "1,2";
				TEST_TARGET_NAME = RamdonMakeRich;
			};
			name = Debug;
		};
		002A886324D2CCEE00003602 /* Release */ = {
			isa = XCBuildConfiguration;
			baseConfigurationReference = 7672FA0A841585B35BB72738 /* Pods-RamdonMakeRich-RamdonMakeRichUITests.release.xcconfig */;
			buildSettings = {
				CODE_SIGN_STYLE = Automatic;
				INFOPLIST_FILE = RamdonMakeRichUITests/Info.plist;
				LD_RUNPATH_SEARCH_PATHS = (
					"$(inherited)",
					"@executable_path/Frameworks",
					"@loader_path/Frameworks",
				);
				PRODUCT_BUNDLE_IDENTIFIER = com.lixiaodong.Li.RamdonMakeRichUITests;
				PRODUCT_NAME = "$(TARGET_NAME)";
				TARGETED_DEVICE_FAMILY = "1,2";
				TEST_TARGET_NAME = RamdonMakeRich;
			};
			name = Release;
		};
/* End XCBuildConfiguration section */

/* Begin XCConfigurationList section */
		002A882724D2CCEB00003602 /* Build configuration list for PBXProject "RamdonMakeRich" */ = {
			isa = XCConfigurationList;
			buildConfigurations = (
				002A885924D2CCEE00003602 /* Debug */,
				002A885A24D2CCEE00003602 /* Release */,
			);
			defaultConfigurationIsVisible = 0;
			defaultConfigurationName = Release;
		};
		002A885B24D2CCEE00003602 /* Build configuration list for PBXNativeTarget "RamdonMakeRich" */ = {
			isa = XCConfigurationList;
			buildConfigurations = (
				002A885C24D2CCEE00003602 /* Debug */,
				002A885D24D2CCEE00003602 /* Release */,
			);
			defaultConfigurationIsVisible = 0;
			defaultConfigurationName = Release;
		};
		002A885E24D2CCEE00003602 /* Build configuration list for PBXNativeTarget "RamdonMakeRichTests" */ = {
			isa = XCConfigurationList;
			buildConfigurations = (
				002A885F24D2CCEE00003602 /* Debug */,
				002A886024D2CCEE00003602 /* Release */,
			);
			defaultConfigurationIsVisible = 0;
			defaultConfigurationName = Release;
		};
		002A886124D2CCEE00003602 /* Build configuration list for PBXNativeTarget "RamdonMakeRichUITests" */ = {
			isa = XCConfigurationList;
			buildConfigurations = (
				002A886224D2CCEE00003602 /* Debug */,
				002A886324D2CCEE00003602 /* Release */,
			);
			defaultConfigurationIsVisible = 0;
			defaultConfigurationName = Release;
		};
/* End XCConfigurationList section */
	};
	rootObject = 002A882424D2CCEB00003602 /* Project object */;
}
